
Microsoft Visual Studio Solution File, Format Version 12.00
# Visual Studio 14
VisualStudioVersion = 14.0.25420.1
MinimumVisualStudioVersion = 10.0.40219.1
Project("{FAE04EC0-301F-11D3-BF4B-00C04F79EFBC}") = "LearnMvcWebApp", "LearnMvcWebApp\LearnMvcWebApp.csproj", "{80BFC394-F20C-4DF9-A30D-1FF909BDFDCD}"
EndProject
Project("{FAE04EC0-301F-11D3-BF4B-00C04F79EFBC}") = "LearnMvcWebApp.Tests", "LearnMvcWebApp.Tests\LearnMvcWebApp.Tests.csproj", "{5C0AC9FB-686F-41BD-9E23-E77713A96C8D}"
EndProject
Project("{FAE04EC0-301F-11D3-BF4B-00C04F79EFBC}") = "Services", "Services\Services.csproj", "{CFB9E474-A9CE-4225-A174-C81D030FB6D4}"
EndProject
Global
	GlobalSection(SolutionConfigurationPlatforms) = preSolution
		Debug|Any CPU = Debug|Any CPU
		Release|Any CPU = Release|Any CPU
	EndGlobalSection
	GlobalSection(ProjectConfigurationPlatforms) = postSolution
		{80BFC394-F20C-4DF9-A30D-1FF909BDFDCD}.Debug|Any CPU.ActiveCfg = Debug|Any CPU
		{80BFC394-F20C-4DF9-A30D-1FF909BDFDCD}.Debug|Any CPU.Build.0 = Debug|Any CPU
		{80BFC394-F20C-4DF9-A30D-1FF909BDFDCD}.Release|Any CPU.ActiveCfg = Release|Any CPU
		{80BFC394-F20C-4DF9-A30D-1FF909BDFDCD}.Release|Any CPU.Build.0 = Release|Any CPU
		{5C0AC9FB-686F-41BD-9E23-E77713A96C8D}.Debug|Any CPU.ActiveCfg = Debug|Any CPU
		{5C0AC9FB-686F-41BD-9E23-E77713A96C8D}.Debug|Any CPU.Build.0 = Debug|Any CPU
		{5C0AC9FB-686F-41BD-9E23-E77713A96C8D}.Release|Any CPU.ActiveCfg = Release|Any CPU
		{5C0AC9FB-686F-41BD-9E23-E77713A96C8D}.Release|Any CPU.Build.0 = Release|Any CPU
		{CFB9E474-A9CE-4225-A174-C81D030FB6D4}.Debug|Any CPU.ActiveCfg = Debug|Any CPU
		{CFB9E474-A9CE-4225-A174-C81D030FB6D4}.Debug|Any CPU.Build.0 = Debug|Any CPU
		{CFB9E474-A9CE-4225-A174-C81D030FB6D4}.Release|Any CPU.ActiveCfg = Release|Any CPU
		{CFB9E474-A9CE-4225-A174-C81D030FB6D4}.Release|Any CPU.Build.0 = Release|Any CPU
	EndGlobalSection
	GlobalSection(SolutionProperties) = preSolution
		HideSolutionNode = FALSE
	EndGlobalSection
EndGlobal
